PODS:
  - GoogleMaps (2.1.1):
    - GoogleMaps/Maps (= 2.1.1)
  - GoogleMaps/Base (2.1.1)
  - GoogleMaps/Maps (2.1.1):
    - GoogleMaps/Base
  - React (0.11.0):
    - React/Core (= 0.11.0)
  - react-native-google-maps (0.15.3):
    - GoogleMaps (= 2.1.1)
    - React
  - react-native-maps (0.15.3):
    - React
  - React/Core (0.11.0)

DEPENDENCIES:
  - GoogleMaps
  - react-native-google-maps (from `../../`)
  - react-native-maps (from `../../`)

EXTERNAL SOURCES:
  react-native-google-maps:
    :path: "../../"
  react-native-maps:
    :path: "../../"

SPEC CHECKSUMS:
  GoogleMaps: a5b5bbe47734e2443bde781a6aa64e69fdb6d785
  React: ab1a2e21deb34965c38328d5ec40cc7d12c6050a
  react-native-google-maps: f8780ca7802588d0ccd3a83c522a81f433bc1b4a
  react-native-maps: 6a886202fb8af8568615501c0f9f933ca282a7a3

PODFILE CHECKSUM: 5863a81119f4105f57e305f168afedb3c8c3b51f

COCOAPODS: 1.2.0.beta.3
